
Microsoft Visual Studio Solution File, Format Version 12.00
# Visual Studio Version 17
VisualStudioVersion = 17.0.31903.59
MinimumVisualStudioVersion = 10.0.40219.1
Project("{FAE04EC0-301F-11D3-BF4B-00C04F79EFBC}") = "NewUuidNet", "src\NewUuidNet\NewUuidNet.csproj", "{9BA11B41-1A0B-4722-AE74-BEC84AABDF37}"
EndProject
Project("{2150E333-8FDC-42A3-9474-1A3956D46DE8}") = "Solution", "Solution", "{76024A8E-6F6B-42C5-84D5-99FC3F2823C5}"
	ProjectSection(SolutionItems) = preProject
		README.md = README.md
		serverless.template = serverless.template
		.gitignore = .gitignore
		Makefile = Makefile
	EndProjectSection
EndProject
Global
	GlobalSection(SolutionConfigurationPlatforms) = preSolution
		Debug|Any CPU = Debug|Any CPU
		Release|Any CPU = Release|Any CPU
	EndGlobalSection
	GlobalSection(SolutionProperties) = preSolution
		HideSolutionNode = FALSE
	EndGlobalSection
	GlobalSection(ProjectConfigurationPlatforms) = postSolution
		{9BA11B41-1A0B-4722-AE74-BEC84AABDF37}.Debug|Any CPU.ActiveCfg = Debug|Any CPU
		{9BA11B41-1A0B-4722-AE74-BEC84AABDF37}.Debug|Any CPU.Build.0 = Debug|Any CPU
		{9BA11B41-1A0B-4722-AE74-BEC84AABDF37}.Release|Any CPU.ActiveCfg = Release|Any CPU
		{9BA11B41-1A0B-4722-AE74-BEC84AABDF37}.Release|Any CPU.Build.0 = Release|Any CPU
	EndGlobalSection
	GlobalSection(NestedProjects) = preSolution
	EndGlobalSection
EndGlobal
